// !$*UTF8*$!
{
	archiveVersion = 1;
	classes = {
	};
	objectVersion = 56;
	objects = {

/* Begin PBXBuildFile section */
		D21B982C2BE50DC90094308A /* DatePickerCollectionView.swift in Sources */ = {isa = PBXBuildFile; fileRef = D21B982B2BE50DC90094308A /* DatePickerCollectionView.swift */; };
		D21B982E2BE516B90094308A /* DatesMatchesDividerView.swift in Sources */ = {isa = PBXBuildFile; fileRef = D21B982D2BE516B90094308A /* DatesMatchesDividerView.swift */; };
		D21B98302BE5182E0094308A /* DateViewCell.swift in Sources */ = {isa = PBXBuildFile; fileRef = D21B982F2BE5182E0094308A /* DateViewCell.swift */; };
		D21B98322BE53F0A0094308A /* DatePickDelegate.swift in Sources */ = {isa = PBXBuildFile; fileRef = D21B98312BE53F0A0094308A /* DatePickDelegate.swift */; };
		D223050D2C15F5A100A34038 /* PlayerMatchesDividerView.swift in Sources */ = {isa = PBXBuildFile; fileRef = D223050C2C15F5A100A34038 /* PlayerMatchesDividerView.swift */; };
		D23180242BFA5EA400DFE549 /* SettingsAboutView.swift in Sources */ = {isa = PBXBuildFile; fileRef = D23180232BFA5EA400DFE549 /* SettingsAboutView.swift */; };
		D23180262BFA67BD00DFE549 /* CreditsLabelView.swift in Sources */ = {isa = PBXBuildFile; fileRef = D23180252BFA67BD00DFE549 /* CreditsLabelView.swift */; };
		D23180282BFA70CB00DFE549 /* KeyChain.swift in Sources */ = {isa = PBXBuildFile; fileRef = D23180272BFA70CB00DFE549 /* KeyChain.swift */; };
		D23289A72BA0F65900139113 /* SnapKit in Frameworks */ = {isa = PBXBuildFile; productRef = D23289A62BA0F65900139113 /* SnapKit */; settings = {ATTRIBUTES = (Required, ); }; };
		D23289A92BA0F65900139113 /* SnapKit-Dynamic in Frameworks */ = {isa = PBXBuildFile; productRef = D23289A82BA0F65900139113 /* SnapKit-Dynamic */; };
		D23289AD2BA0F68D00139113 /* LeagueInfoView.swift in Sources */ = {isa = PBXBuildFile; fileRef = D23289AC2BA0F68D00139113 /* LeagueInfoView.swift */; };
		D23289AF2BA0F7B000139113 /* Roboto-Bold.ttf in Resources */ = {isa = PBXBuildFile; fileRef = D23289AE2BA0F7B000139113 /* Roboto-Bold.ttf */; };
		D23289B12BA0F99600139113 /* MatchView.swift in Sources */ = {isa = PBXBuildFile; fileRef = D23289B02BA0F99600139113 /* MatchView.swift */; };
		D23289B32BA103F700139113 /* TeamNameLogoView.swift in Sources */ = {isa = PBXBuildFile; fileRef = D23289B22BA103F700139113 /* TeamNameLogoView.swift */; };
		D23289B52BA107EE00139113 /* Roboto-Regular.ttf in Resources */ = {isa = PBXBuildFile; fileRef = D23289B42BA107EE00139113 /* Roboto-Regular.ttf */; };
		D23289B72BA10CDF00139113 /* ScoreLabel.swift in Sources */ = {isa = PBXBuildFile; fileRef = D23289B62BA10CDF00139113 /* ScoreLabel.swift */; };
		D232FF742C10CC860049846F /* IncidentViewCell.swift in Sources */ = {isa = PBXBuildFile; fileRef = D232FF732C10CC860049846F /* IncidentViewCell.swift */; };
		D232FF762C10CC900049846F /* IncidentCardView.swift in Sources */ = {isa = PBXBuildFile; fileRef = D232FF752C10CC900049846F /* IncidentCardView.swift */; };
		D232FF7A2C10D71A0049846F /* IncidentViewProtocol.swift in Sources */ = {isa = PBXBuildFile; fileRef = D232FF792C10D71A0049846F /* IncidentViewProtocol.swift */; };
		D232FF7C2C10E8EF0049846F /* IncidentGoalView.swift in Sources */ = {isa = PBXBuildFile; fileRef = D232FF7B2C10E8EF0049846F /* IncidentGoalView.swift */; };
		D2366BEA2C10FE7700799030 /* PeriodView.swift in Sources */ = {isa = PBXBuildFile; fileRef = D2366BE92C10FE7700799030 /* PeriodView.swift */; };
		D236A6382B9B598600C2ADB4 /* AppDelegate.swift in Sources */ = {isa = PBXBuildFile; fileRef = D236A6372B9B598600C2ADB4 /* AppDelegate.swift */; };
		D236A63C2B9B598700C2ADB4 /* SportViewController.swift in Sources */ = {isa = PBXBuildFile; fileRef = D236A63B2B9B598700C2ADB4 /* SportViewController.swift */; };
		D236A6412B9B598900C2ADB4 /* Assets.xcassets in Resources */ = {isa = PBXBuildFile; fileRef = D236A6402B9B598900C2ADB4 /* Assets.xcassets */; };
		D236A6442B9B598900C2ADB4 /* LaunchScreen.storyboard in Resources */ = {isa = PBXBuildFile; fileRef = D236A6422B9B598900C2ADB4 /* LaunchScreen.storyboard */; };
		D23758E12C0F650C0080B703 /* PasswordTextField.swift in Sources */ = {isa = PBXBuildFile; fileRef = D23758E02C0F650C0080B703 /* PasswordTextField.swift */; };
		D23758E32C0F651C0080B703 /* EmailTextField.swift in Sources */ = {isa = PBXBuildFile; fileRef = D23758E22C0F651C0080B703 /* EmailTextField.swift */; };
		D23758E52C0F774B0080B703 /* LoginButton.swift in Sources */ = {isa = PBXBuildFile; fileRef = D23758E42C0F774B0080B703 /* LoginButton.swift */; };
		D239C0B32BF96D1400128E01 /* EventMatchupView.swift in Sources */ = {isa = PBXBuildFile; fileRef = D239C0B22BF96D1400128E01 /* EventMatchupView.swift */; };
		D239C0B52BF96FC500128E01 /* EventTeamView.swift in Sources */ = {isa = PBXBuildFile; fileRef = D239C0B42BF96FC500128E01 /* EventTeamView.swift */; };
		D239C0B72BF9773000128E01 /* EventScoreView.swift in Sources */ = {isa = PBXBuildFile; fileRef = D239C0B62BF9773000128E01 /* EventScoreView.swift */; };
		D239C0B92BFA42E100128E01 /* EventIncidentModel.swift in Sources */ = {isa = PBXBuildFile; fileRef = D239C0B82BFA42E100128E01 /* EventIncidentModel.swift */; };
		D239C0BB2BFA43AD00128E01 /* FootballGoalModel.swift in Sources */ = {isa = PBXBuildFile; fileRef = D239C0BA2BFA43AD00128E01 /* FootballGoalModel.swift */; };
		D239C0BD2BFA440F00128E01 /* PlayerModel.swift in Sources */ = {isa = PBXBuildFile; fileRef = D239C0BC2BFA440F00128E01 /* PlayerModel.swift */; };
		D239C0BF2BFA449D00128E01 /* FootballCardModel.swift in Sources */ = {isa = PBXBuildFile; fileRef = D239C0BE2BFA449D00128E01 /* FootballCardModel.swift */; };
		D239C0C12BFA44ED00128E01 /* FootballPeriodModel.swift in Sources */ = {isa = PBXBuildFile; fileRef = D239C0C02BFA44ED00128E01 /* FootballPeriodModel.swift */; };
		D239C0C32BFA4DD900128E01 /* NotStartedEventView.swift in Sources */ = {isa = PBXBuildFile; fileRef = D239C0C22BFA4DD900128E01 /* NotStartedEventView.swift */; };
		D239C0C52BFA583700128E01 /* SettingsHeaderView.swift in Sources */ = {isa = PBXBuildFile; fileRef = D239C0C42BFA583700128E01 /* SettingsHeaderView.swift */; };
		D250366D2BE546DC005B3C1A /* EventsModel.swift in Sources */ = {isa = PBXBuildFile; fileRef = D250366C2BE546DC005B3C1A /* EventsModel.swift */; };
		D250366F2BE55313005B3C1A /* TournamentModel.swift in Sources */ = {isa = PBXBuildFile; fileRef = D250366E2BE55313005B3C1A /* TournamentModel.swift */; };
		D25036712BE55354005B3C1A /* SportModel.swift in Sources */ = {isa = PBXBuildFile; fileRef = D25036702BE55354005B3C1A /* SportModel.swift */; };
		D25036732BE55378005B3C1A /* CountryModel.swift in Sources */ = {isa = PBXBuildFile; fileRef = D25036722BE55378005B3C1A /* CountryModel.swift */; };
		D25036752BE553A2005B3C1A /* TeamModel.swift in Sources */ = {isa = PBXBuildFile; fileRef = D25036742BE553A2005B3C1A /* TeamModel.swift */; };
		D25036772BE553E1005B3C1A /* ScoreModel.swift in Sources */ = {isa = PBXBuildFile; fileRef = D25036762BE553E1005B3C1A /* ScoreModel.swift */; };
		D250367B2BE9552C005B3C1A /* LeagueLogoLoadProtocol.swift in Sources */ = {isa = PBXBuildFile; fileRef = D250367A2BE9552C005B3C1A /* LeagueLogoLoadProtocol.swift */; };
		D250367F2BE964F9005B3C1A /* Cache.swift in Sources */ = {isa = PBXBuildFile; fileRef = D250367E2BE964F9005B3C1A /* Cache.swift */; };
		D26654442BFBBE0C00591AE9 /* ImageService.swift in Sources */ = {isa = PBXBuildFile; fileRef = D26654432BFBBE0C00591AE9 /* ImageService.swift */; };
		D26654462BFBBE4000591AE9 /* MainScrollView.swift in Sources */ = {isa = PBXBuildFile; fileRef = D26654452BFBBE4000591AE9 /* MainScrollView.swift */; };
		D266544F2C00C87800591AE9 /* UIViewExtensions.swift in Sources */ = {isa = PBXBuildFile; fileRef = D266544E2C00C87800591AE9 /* UIViewExtensions.swift */; };
		D26654512C00C8F300591AE9 /* UICollectionViewExtensions.swift in Sources */ = {isa = PBXBuildFile; fileRef = D26654502C00C8F300591AE9 /* UICollectionViewExtensions.swift */; };
		D26700A82C14D3640077CE5D /* LeaguesViewController.swift in Sources */ = {isa = PBXBuildFile; fileRef = D26700A72C14D3640077CE5D /* LeaguesViewController.swift */; };
		D26700AA2C14D3780077CE5D /* LeaguesHeaderView.swift in Sources */ = {isa = PBXBuildFile; fileRef = D26700A92C14D3780077CE5D /* LeaguesHeaderView.swift */; };
		D26700AC2C14D7830077CE5D /* SportLeaguesViewController.swift in Sources */ = {isa = PBXBuildFile; fileRef = D26700AB2C14D7830077CE5D /* SportLeaguesViewController.swift */; };
		D26700AE2C14DEF70077CE5D /* TournamentCell.swift in Sources */ = {isa = PBXBuildFile; fileRef = D26700AD2C14DEF70077CE5D /* TournamentCell.swift */; };
		D26700B02C15A5790077CE5D /* SelectedLeagueViewController.swift in Sources */ = {isa = PBXBuildFile; fileRef = D26700AF2C15A5790077CE5D /* SelectedLeagueViewController.swift */; };
		D26700B32C15AA0F0077CE5D /* CustomLeagueTabView.swift in Sources */ = {isa = PBXBuildFile; fileRef = D26700B22C15AA0F0077CE5D /* CustomLeagueTabView.swift */; };
		D26700B52C15AB5B0077CE5D /* TournamentTapDelegate.swift in Sources */ = {isa = PBXBuildFile; fileRef = D26700B42C15AB5B0077CE5D /* TournamentTapDelegate.swift */; };
		D26700B72C15B4F70077CE5D /* LeagueMatchesViewController.swift in Sources */ = {isa = PBXBuildFile; fileRef = D26700B62C15B4F70077CE5D /* LeagueMatchesViewController.swift */; };
		D26700B92C15B7300077CE5D /* RoundMatchesHeaderView.swift in Sources */ = {isa = PBXBuildFile; fileRef = D26700B82C15B7300077CE5D /* RoundMatchesHeaderView.swift */; };
		D26EF6FB2BB25DFB00A49861 /* MatchViewCell.swift in Sources */ = {isa = PBXBuildFile; fileRef = D26EF6FA2BB25DFB00A49861 /* MatchViewCell.swift */; };
		D26EF6FD2BB3577C00A49861 /* LeagueInfoViewHeader.swift in Sources */ = {isa = PBXBuildFile; fileRef = D26EF6FC2BB3577C00A49861 /* LeagueInfoViewHeader.swift */; };
		D2807A892BC8495E00F590CA /* ParentSportSlugPickerProtocol.swift in Sources */ = {isa = PBXBuildFile; fileRef = D2807A882BC8495E00F590CA /* ParentSportSlugPickerProtocol.swift */; };
		D2807A8C2BC84B2900F590CA /* UIViewControllerExtensions.swift in Sources */ = {isa = PBXBuildFile; fileRef = D2807A8B2BC84B2900F590CA /* UIViewControllerExtensions.swift */; };
		D2807A8E2BC84CF700F590CA /* TabItemView.swift in Sources */ = {isa = PBXBuildFile; fileRef = D2807A8D2BC84CF700F590CA /* TabItemView.swift */; };
		D2896E442BE438BE0040CEBA /* UserDefaultsService.swift in Sources */ = {isa = PBXBuildFile; fileRef = D2896E432BE438BE0040CEBA /* UserDefaultsService.swift */; };
		D2896E462BE44B9B0040CEBA /* Animations.swift in Sources */ = {isa = PBXBuildFile; fileRef = D2896E452BE44B9B0040CEBA /* Animations.swift */; };
		D2896E482BE4DAB20040CEBA /* LoadingViewController.swift in Sources */ = {isa = PBXBuildFile; fileRef = D2896E472BE4DAB20040CEBA /* LoadingViewController.swift */; };
		D2896E4B2BE4DAFE0040CEBA /* ApiClient.swift in Sources */ = {isa = PBXBuildFile; fileRef = D2896E4A2BE4DAFE0040CEBA /* ApiClient.swift */; };
		D28E692E2C1476EC00BD3AD3 /* TeamHeadlineView.swift in Sources */ = {isa = PBXBuildFile; fileRef = D28E692D2C1476EC00BD3AD3 /* TeamHeadlineView.swift */; };
		D28E69302C14786F00BD3AD3 /* TeamCoachDetailsView.swift in Sources */ = {isa = PBXBuildFile; fileRef = D28E692F2C14786F00BD3AD3 /* TeamCoachDetailsView.swift */; };
		D28E69322C14824400BD3AD3 /* TeamPlayersDetailsView.swift in Sources */ = {isa = PBXBuildFile; fileRef = D28E69312C14824400BD3AD3 /* TeamPlayersDetailsView.swift */; };
		D28E69342C14851A00BD3AD3 /* CustomDivider.swift in Sources */ = {isa = PBXBuildFile; fileRef = D28E69332C14851A00BD3AD3 /* CustomDivider.swift */; };
		D28E69362C1486FF00BD3AD3 /* TeamDetailsPlayersCard.swift in Sources */ = {isa = PBXBuildFile; fileRef = D28E69352C1486FF00BD3AD3 /* TeamDetailsPlayersCard.swift */; };
		D28E69382C1499ED00BD3AD3 /* TournamentCardViewCell.swift in Sources */ = {isa = PBXBuildFile; fileRef = D28E69372C1499ED00BD3AD3 /* TournamentCardViewCell.swift */; };
		D28E693A2C14AD2000BD3AD3 /* VenueDetailsView.swift in Sources */ = {isa = PBXBuildFile; fileRef = D28E69392C14AD2000BD3AD3 /* VenueDetailsView.swift */; };
		D28E693D2C14BD0F00BD3AD3 /* TeamMatchesViewController.swift in Sources */ = {isa = PBXBuildFile; fileRef = D28E693C2C14BD0F00BD3AD3 /* TeamMatchesViewController.swift */; };
		D29B8CFB2BC45A6A0000CA42 /* MainViewController.swift in Sources */ = {isa = PBXBuildFile; fileRef = D29B8CFA2BC45A6A0000CA42 /* MainViewController.swift */; };
		D29B8CFD2BC4606A0000CA42 /* AppHeader.swift in Sources */ = {isa = PBXBuildFile; fileRef = D29B8CFC2BC4606A0000CA42 /* AppHeader.swift */; };
		D29B8D012BC46B6B0000CA42 /* CustomTabView.swift in Sources */ = {isa = PBXBuildFile; fileRef = D29B8D002BC46B6B0000CA42 /* CustomTabView.swift */; };
		D29B8D072BC4BB0D0000CA42 /* SettingsViewController.swift in Sources */ = {isa = PBXBuildFile; fileRef = D29B8D062BC4BB0D0000CA42 /* SettingsViewController.swift */; };
		D29B8D092BC4C2A70000CA42 /* EventDataViewController.swift in Sources */ = {isa = PBXBuildFile; fileRef = D29B8D082BC4C2A70000CA42 /* EventDataViewController.swift */; };
		D29F234B2C123CF600DFE1FB /* TeamTapDelegate.swift in Sources */ = {isa = PBXBuildFile; fileRef = D29F234A2C123CF600DFE1FB /* TeamTapDelegate.swift */; };
		D29F234E2C12421500DFE1FB /* TeamViewController.swift in Sources */ = {isa = PBXBuildFile; fileRef = D29F234D2C12421500DFE1FB /* TeamViewController.swift */; };
		D29F23502C12450300DFE1FB /* TeamTournamentHeaderView.swift in Sources */ = {isa = PBXBuildFile; fileRef = D29F234F2C12450300DFE1FB /* TeamTournamentHeaderView.swift */; };
		D29F23532C1459F700DFE1FB /* CustomTeamTabView.swift in Sources */ = {isa = PBXBuildFile; fileRef = D29F23522C1459F700DFE1FB /* CustomTeamTabView.swift */; };
		D29F23552C145A0A00DFE1FB /* TeamLeagueTabItemView.swift in Sources */ = {isa = PBXBuildFile; fileRef = D29F23542C145A0A00DFE1FB /* TeamLeagueTabItemView.swift */; };
		D29F23572C14637000DFE1FB /* TeamTournamentTabSelectDelegate.swift in Sources */ = {isa = PBXBuildFile; fileRef = D29F23562C14637000DFE1FB /* TeamTournamentTabSelectDelegate.swift */; };
		D29F23592C1465A000DFE1FB /* TeamDetailsViewController.swift in Sources */ = {isa = PBXBuildFile; fileRef = D29F23582C1465A000DFE1FB /* TeamDetailsViewController.swift */; };
		D2A383042BA88565001C102F /* Styling.swift in Sources */ = {isa = PBXBuildFile; fileRef = D2A383032BA88565001C102F /* Styling.swift */; };
		D2A383062BA8FA7C001C102F /* Helpers.swift in Sources */ = {isa = PBXBuildFile; fileRef = D2A383052BA8FA7C001C102F /* Helpers.swift */; };
		D2A383082BA8FABD001C102F /* Data.swift in Sources */ = {isa = PBXBuildFile; fileRef = D2A383072BA8FABD001C102F /* Data.swift */; };
		D2AA4D132C15CA9200A63C76 /* LeagueTapDelegate.swift in Sources */ = {isa = PBXBuildFile; fileRef = D2AA4D122C15CA9200A63C76 /* LeagueTapDelegate.swift */; };
		D2AA4D182C15E1CE00A63C76 /* PlayerViewController.swift in Sources */ = {isa = PBXBuildFile; fileRef = D2AA4D172C15E1CE00A63C76 /* PlayerViewController.swift */; };
		D2AA4D1A2C15E4AF00A63C76 /* PlayerHeaderView.swift in Sources */ = {isa = PBXBuildFile; fileRef = D2AA4D192C15E4AF00A63C76 /* PlayerHeaderView.swift */; };
		D2AA4D1C2C15E93C00A63C76 /* PlayerTeamView.swift in Sources */ = {isa = PBXBuildFile; fileRef = D2AA4D1B2C15E93C00A63C76 /* PlayerTeamView.swift */; };
		D2AA4D1E2C15EBEB00A63C76 /* PlayerDetailsView.swift in Sources */ = {isa = PBXBuildFile; fileRef = D2AA4D1D2C15EBEB00A63C76 /* PlayerDetailsView.swift */; };
		D2AA4D202C15EEED00A63C76 /* PlayerDetailCardView.swift in Sources */ = {isa = PBXBuildFile; fileRef = D2AA4D1F2C15EEED00A63C76 /* PlayerDetailCardView.swift */; };
		D2B91A642BA1B7E30004B74A /* TimeStatusView.swift in Sources */ = {isa = PBXBuildFile; fileRef = D2B91A632BA1B7E30004B74A /* TimeStatusView.swift */; };
		D2B91A662BA1C22D0004B74A /* RobotoCondensed-Regular.ttf in Resources */ = {isa = PBXBuildFile; fileRef = D2B91A652BA1C22D0004B74A /* RobotoCondensed-Regular.ttf */; };
		D2B91A692BA2200A0004B74A /* SofaAcademic in Frameworks */ = {isa = PBXBuildFile; productRef = D2B91A682BA2200A0004B74A /* SofaAcademic */; };
		D2DAEEA12BF91048008FD27B /* LoginViewController.swift in Sources */ = {isa = PBXBuildFile; fileRef = D2DAEEA02BF91048008FD27B /* LoginViewController.swift */; };
		D2DBE0172BF9655400C685DC /* EventHeader.swift in Sources */ = {isa = PBXBuildFile; fileRef = D2DBE0162BF9655400C685DC /* EventHeader.swift */; };
		D2DBE0192BF9674A00C685DC /* ReturnButtonDelegate.swift in Sources */ = {isa = PBXBuildFile; fileRef = D2DBE0182BF9674A00C685DC /* ReturnButtonDelegate.swift */; };
		D2FD91BD2BCD733C00591F6A /* AppHeaderDelegate.swift in Sources */ = {isa = PBXBuildFile; fileRef = D2FD91BC2BCD733C00591F6A /* AppHeaderDelegate.swift */; };
		D2FD91C12BCD7FDB00591F6A /* MatchTapDelegate.swift in Sources */ = {isa = PBXBuildFile; fileRef = D2FD91C02BCD7FDB00591F6A /* MatchTapDelegate.swift */; };
		D2FECCB62BE96F3500D2A3A4 /* DayInfoProtocol.swift in Sources */ = {isa = PBXBuildFile; fileRef = D2FECCB52BE96F3500D2A3A4 /* DayInfoProtocol.swift */; };
/* End PBXBuildFile section */

/* Begin PBXFileReference section */
		D21B982B2BE50DC90094308A /* DatePickerCollectionView.swift */ = {isa = PBXFileReference; lastKnownFileType = sourcecode.swift; path = DatePickerCollectionView.swift; sourceTree = "<group>"; };
		D21B982D2BE516B90094308A /* DatesMatchesDividerView.swift */ = {isa = PBXFileReference; lastKnownFileType = sourcecode.swift; path = DatesMatchesDividerView.swift; sourceTree = "<group>"; };
		D21B982F2BE5182E0094308A /* DateViewCell.swift */ = {isa = PBXFileReference; lastKnownFileType = sourcecode.swift; path = DateViewCell.swift; sourceTree = "<group>"; };
		D21B98312BE53F0A0094308A /* DatePickDelegate.swift */ = {isa = PBXFileReference; lastKnownFileType = sourcecode.swift; path = DatePickDelegate.swift; sourceTree = "<group>"; };
		D223050C2C15F5A100A34038 /* PlayerMatchesDividerView.swift */ = {isa = PBXFileReference; lastKnownFileType = sourcecode.swift; path = PlayerMatchesDividerView.swift; sourceTree = "<group>"; };
		D23180232BFA5EA400DFE549 /* SettingsAboutView.swift */ = {isa = PBXFileReference; lastKnownFileType = sourcecode.swift; path = SettingsAboutView.swift; sourceTree = "<group>"; };
		D23180252BFA67BD00DFE549 /* CreditsLabelView.swift */ = {isa = PBXFileReference; lastKnownFileType = sourcecode.swift; path = CreditsLabelView.swift; sourceTree = "<group>"; };
		D23180272BFA70CB00DFE549 /* KeyChain.swift */ = {isa = PBXFileReference; lastKnownFileType = sourcecode.swift; path = KeyChain.swift; sourceTree = "<group>"; };
		D23289AC2BA0F68D00139113 /* LeagueInfoView.swift */ = {isa = PBXFileReference; lastKnownFileType = sourcecode.swift; path = LeagueInfoView.swift; sourceTree = "<group>"; };
		D23289AE2BA0F7B000139113 /* Roboto-Bold.ttf */ = {isa = PBXFileReference; lastKnownFileType = file; path = "Roboto-Bold.ttf"; sourceTree = "<group>"; };
		D23289B02BA0F99600139113 /* MatchView.swift */ = {isa = PBXFileReference; lastKnownFileType = sourcecode.swift; path = MatchView.swift; sourceTree = "<group>"; };
		D23289B22BA103F700139113 /* TeamNameLogoView.swift */ = {isa = PBXFileReference; lastKnownFileType = sourcecode.swift; path = TeamNameLogoView.swift; sourceTree = "<group>"; };
		D23289B42BA107EE00139113 /* Roboto-Regular.ttf */ = {isa = PBXFileReference; lastKnownFileType = file; path = "Roboto-Regular.ttf"; sourceTree = "<group>"; };
		D23289B62BA10CDF00139113 /* ScoreLabel.swift */ = {isa = PBXFileReference; lastKnownFileType = sourcecode.swift; path = ScoreLabel.swift; sourceTree = "<group>"; };
		D232FF732C10CC860049846F /* IncidentViewCell.swift */ = {isa = PBXFileReference; lastKnownFileType = sourcecode.swift; path = IncidentViewCell.swift; sourceTree = "<group>"; };
		D232FF752C10CC900049846F /* IncidentCardView.swift */ = {isa = PBXFileReference; lastKnownFileType = sourcecode.swift; path = IncidentCardView.swift; sourceTree = "<group>"; };
		D232FF792C10D71A0049846F /* IncidentViewProtocol.swift */ = {isa = PBXFileReference; lastKnownFileType = sourcecode.swift; path = IncidentViewProtocol.swift; sourceTree = "<group>"; };
		D232FF7B2C10E8EF0049846F /* IncidentGoalView.swift */ = {isa = PBXFileReference; lastKnownFileType = sourcecode.swift; path = IncidentGoalView.swift; sourceTree = "<group>"; };
		D2366BE92C10FE7700799030 /* PeriodView.swift */ = {isa = PBXFileReference; lastKnownFileType = sourcecode.swift; path = PeriodView.swift; sourceTree = "<group>"; };
		D236A6342B9B598600C2ADB4 /* SofascoreAcademy.app */ = {isa = PBXFileReference; explicitFileType = wrapper.application; includeInIndex = 0; path = SofascoreAcademy.app; sourceTree = BUILT_PRODUCTS_DIR; };
		D236A6372B9B598600C2ADB4 /* AppDelegate.swift */ = {isa = PBXFileReference; lastKnownFileType = sourcecode.swift; path = AppDelegate.swift; sourceTree = "<group>"; };
		D236A63B2B9B598700C2ADB4 /* SportViewController.swift */ = {isa = PBXFileReference; lastKnownFileType = sourcecode.swift; path = SportViewController.swift; sourceTree = "<group>"; };
		D236A6402B9B598900C2ADB4 /* Assets.xcassets */ = {isa = PBXFileReference; lastKnownFileType = folder.assetcatalog; path = Assets.xcassets; sourceTree = "<group>"; };
		D236A6432B9B598900C2ADB4 /* Base */ = {isa = PBXFileReference; lastKnownFileType = file.storyboard; name = Base; path = Base.lproj/LaunchScreen.storyboard; sourceTree = "<group>"; };
		D236A6452B9B598900C2ADB4 /* Info.plist */ = {isa = PBXFileReference; lastKnownFileType = text.plist.xml; path = Info.plist; sourceTree = "<group>"; };
		D23758E02C0F650C0080B703 /* PasswordTextField.swift */ = {isa = PBXFileReference; lastKnownFileType = sourcecode.swift; path = PasswordTextField.swift; sourceTree = "<group>"; };
		D23758E22C0F651C0080B703 /* EmailTextField.swift */ = {isa = PBXFileReference; lastKnownFileType = sourcecode.swift; path = EmailTextField.swift; sourceTree = "<group>"; };
		D23758E42C0F774B0080B703 /* LoginButton.swift */ = {isa = PBXFileReference; lastKnownFileType = sourcecode.swift; path = LoginButton.swift; sourceTree = "<group>"; };
		D239C0B22BF96D1400128E01 /* EventMatchupView.swift */ = {isa = PBXFileReference; lastKnownFileType = sourcecode.swift; path = EventMatchupView.swift; sourceTree = "<group>"; };
		D239C0B42BF96FC500128E01 /* EventTeamView.swift */ = {isa = PBXFileReference; lastKnownFileType = sourcecode.swift; path = EventTeamView.swift; sourceTree = "<group>"; };
		D239C0B62BF9773000128E01 /* EventScoreView.swift */ = {isa = PBXFileReference; lastKnownFileType = sourcecode.swift; path = EventScoreView.swift; sourceTree = "<group>"; };
		D239C0B82BFA42E100128E01 /* EventIncidentModel.swift */ = {isa = PBXFileReference; lastKnownFileType = sourcecode.swift; path = EventIncidentModel.swift; sourceTree = "<group>"; };
		D239C0BA2BFA43AD00128E01 /* FootballGoalModel.swift */ = {isa = PBXFileReference; lastKnownFileType = sourcecode.swift; path = FootballGoalModel.swift; sourceTree = "<group>"; };
		D239C0BC2BFA440F00128E01 /* PlayerModel.swift */ = {isa = PBXFileReference; lastKnownFileType = sourcecode.swift; path = PlayerModel.swift; sourceTree = "<group>"; };
		D239C0BE2BFA449D00128E01 /* FootballCardModel.swift */ = {isa = PBXFileReference; lastKnownFileType = sourcecode.swift; path = FootballCardModel.swift; sourceTree = "<group>"; };
		D239C0C02BFA44ED00128E01 /* FootballPeriodModel.swift */ = {isa = PBXFileReference; lastKnownFileType = sourcecode.swift; path = FootballPeriodModel.swift; sourceTree = "<group>"; };
		D239C0C22BFA4DD900128E01 /* NotStartedEventView.swift */ = {isa = PBXFileReference; lastKnownFileType = sourcecode.swift; path = NotStartedEventView.swift; sourceTree = "<group>"; };
		D239C0C42BFA583700128E01 /* SettingsHeaderView.swift */ = {isa = PBXFileReference; lastKnownFileType = sourcecode.swift; path = SettingsHeaderView.swift; sourceTree = "<group>"; };
		D250366C2BE546DC005B3C1A /* EventsModel.swift */ = {isa = PBXFileReference; lastKnownFileType = sourcecode.swift; path = EventsModel.swift; sourceTree = "<group>"; };
		D250366E2BE55313005B3C1A /* TournamentModel.swift */ = {isa = PBXFileReference; lastKnownFileType = sourcecode.swift; path = TournamentModel.swift; sourceTree = "<group>"; };
		D25036702BE55354005B3C1A /* SportModel.swift */ = {isa = PBXFileReference; lastKnownFileType = sourcecode.swift; path = SportModel.swift; sourceTree = "<group>"; };
		D25036722BE55378005B3C1A /* CountryModel.swift */ = {isa = PBXFileReference; lastKnownFileType = sourcecode.swift; path = CountryModel.swift; sourceTree = "<group>"; };
		D25036742BE553A2005B3C1A /* TeamModel.swift */ = {isa = PBXFileReference; lastKnownFileType = sourcecode.swift; path = TeamModel.swift; sourceTree = "<group>"; };
		D25036762BE553E1005B3C1A /* ScoreModel.swift */ = {isa = PBXFileReference; lastKnownFileType = sourcecode.swift; path = ScoreModel.swift; sourceTree = "<group>"; };
		D250367A2BE9552C005B3C1A /* LeagueLogoLoadProtocol.swift */ = {isa = PBXFileReference; lastKnownFileType = sourcecode.swift; path = LeagueLogoLoadProtocol.swift; sourceTree = "<group>"; };
		D250367E2BE964F9005B3C1A /* Cache.swift */ = {isa = PBXFileReference; lastKnownFileType = sourcecode.swift; path = Cache.swift; sourceTree = "<group>"; };
		D26654432BFBBE0C00591AE9 /* ImageService.swift */ = {isa = PBXFileReference; lastKnownFileType = sourcecode.swift; path = ImageService.swift; sourceTree = "<group>"; };
		D26654452BFBBE4000591AE9 /* MainScrollView.swift */ = {isa = PBXFileReference; lastKnownFileType = sourcecode.swift; path = MainScrollView.swift; sourceTree = "<group>"; };
		D266544E2C00C87800591AE9 /* UIViewExtensions.swift */ = {isa = PBXFileReference; lastKnownFileType = sourcecode.swift; path = UIViewExtensions.swift; sourceTree = "<group>"; };
		D26654502C00C8F300591AE9 /* UICollectionViewExtensions.swift */ = {isa = PBXFileReference; lastKnownFileType = sourcecode.swift; path = UICollectionViewExtensions.swift; sourceTree = "<group>"; };
		D26700A72C14D3640077CE5D /* LeaguesViewController.swift */ = {isa = PBXFileReference; lastKnownFileType = sourcecode.swift; path = LeaguesViewController.swift; sourceTree = "<group>"; };
		D26700A92C14D3780077CE5D /* LeaguesHeaderView.swift */ = {isa = PBXFileReference; lastKnownFileType = sourcecode.swift; path = LeaguesHeaderView.swift; sourceTree = "<group>"; };
		D26700AB2C14D7830077CE5D /* SportLeaguesViewController.swift */ = {isa = PBXFileReference; lastKnownFileType = sourcecode.swift; path = SportLeaguesViewController.swift; sourceTree = "<group>"; };
		D26700AD2C14DEF70077CE5D /* TournamentCell.swift */ = {isa = PBXFileReference; lastKnownFileType = sourcecode.swift; path = TournamentCell.swift; sourceTree = "<group>"; };
		D26700AF2C15A5790077CE5D /* SelectedLeagueViewController.swift */ = {isa = PBXFileReference; lastKnownFileType = sourcecode.swift; path = SelectedLeagueViewController.swift; sourceTree = "<group>"; };
		D26700B22C15AA0F0077CE5D /* CustomLeagueTabView.swift */ = {isa = PBXFileReference; lastKnownFileType = sourcecode.swift; path = CustomLeagueTabView.swift; sourceTree = "<group>"; };
		D26700B42C15AB5B0077CE5D /* TournamentTapDelegate.swift */ = {isa = PBXFileReference; lastKnownFileType = sourcecode.swift; path = TournamentTapDelegate.swift; sourceTree = "<group>"; };
		D26700B62C15B4F70077CE5D /* LeagueMatchesViewController.swift */ = {isa = PBXFileReference; lastKnownFileType = sourcecode.swift; path = LeagueMatchesViewController.swift; sourceTree = "<group>"; };
		D26700B82C15B7300077CE5D /* RoundMatchesHeaderView.swift */ = {isa = PBXFileReference; lastKnownFileType = sourcecode.swift; path = RoundMatchesHeaderView.swift; sourceTree = "<group>"; };
		D26EF6FA2BB25DFB00A49861 /* MatchViewCell.swift */ = {isa = PBXFileReference; lastKnownFileType = sourcecode.swift; path = MatchViewCell.swift; sourceTree = "<group>"; };
		D26EF6FC2BB3577C00A49861 /* LeagueInfoViewHeader.swift */ = {isa = PBXFileReference; lastKnownFileType = sourcecode.swift; path = LeagueInfoViewHeader.swift; sourceTree = "<group>"; };
		D2807A882BC8495E00F590CA /* ParentSportSlugPickerProtocol.swift */ = {isa = PBXFileReference; lastKnownFileType = sourcecode.swift; path = ParentSportSlugPickerProtocol.swift; sourceTree = "<group>"; };
		D2807A8B2BC84B2900F590CA /* UIViewControllerExtensions.swift */ = {isa = PBXFileReference; lastKnownFileType = sourcecode.swift; path = UIViewControllerExtensions.swift; sourceTree = "<group>"; };
		D2807A8D2BC84CF700F590CA /* TabItemView.swift */ = {isa = PBXFileReference; lastKnownFileType = sourcecode.swift; path = TabItemView.swift; sourceTree = "<group>"; };
		D2896E432BE438BE0040CEBA /* UserDefaultsService.swift */ = {isa = PBXFileReference; lastKnownFileType = sourcecode.swift; path = UserDefaultsService.swift; sourceTree = "<group>"; };
		D2896E452BE44B9B0040CEBA /* Animations.swift */ = {isa = PBXFileReference; lastKnownFileType = sourcecode.swift; path = Animations.swift; sourceTree = "<group>"; };
		D2896E472BE4DAB20040CEBA /* LoadingViewController.swift */ = {isa = PBXFileReference; lastKnownFileType = sourcecode.swift; path = LoadingViewController.swift; sourceTree = "<group>"; };
		D2896E4A2BE4DAFE0040CEBA /* ApiClient.swift */ = {isa = PBXFileReference; lastKnownFileType = sourcecode.swift; path = ApiClient.swift; sourceTree = "<group>"; };
		D28E692D2C1476EC00BD3AD3 /* TeamHeadlineView.swift */ = {isa = PBXFileReference; lastKnownFileType = sourcecode.swift; path = TeamHeadlineView.swift; sourceTree = "<group>"; };
		D28E692F2C14786F00BD3AD3 /* TeamCoachDetailsView.swift */ = {isa = PBXFileReference; lastKnownFileType = sourcecode.swift; path = TeamCoachDetailsView.swift; sourceTree = "<group>"; };
		D28E69312C14824400BD3AD3 /* TeamPlayersDetailsView.swift */ = {isa = PBXFileReference; lastKnownFileType = sourcecode.swift; path = TeamPlayersDetailsView.swift; sourceTree = "<group>"; };
		D28E69332C14851A00BD3AD3 /* CustomDivider.swift */ = {isa = PBXFileReference; lastKnownFileType = sourcecode.swift; path = CustomDivider.swift; sourceTree = "<group>"; };
		D28E69352C1486FF00BD3AD3 /* TeamDetailsPlayersCard.swift */ = {isa = PBXFileReference; lastKnownFileType = sourcecode.swift; path = TeamDetailsPlayersCard.swift; sourceTree = "<group>"; };
		D28E69372C1499ED00BD3AD3 /* TournamentCardViewCell.swift */ = {isa = PBXFileReference; lastKnownFileType = sourcecode.swift; path = TournamentCardViewCell.swift; sourceTree = "<group>"; };
		D28E69392C14AD2000BD3AD3 /* VenueDetailsView.swift */ = {isa = PBXFileReference; lastKnownFileType = sourcecode.swift; path = VenueDetailsView.swift; sourceTree = "<group>"; };
		D28E693C2C14BD0F00BD3AD3 /* TeamMatchesViewController.swift */ = {isa = PBXFileReference; lastKnownFileType = sourcecode.swift; path = TeamMatchesViewController.swift; sourceTree = "<group>"; };
		D29B8CFA2BC45A6A0000CA42 /* MainViewController.swift */ = {isa = PBXFileReference; lastKnownFileType = sourcecode.swift; path = MainViewController.swift; sourceTree = "<group>"; };
		D29B8CFC2BC4606A0000CA42 /* AppHeader.swift */ = {isa = PBXFileReference; lastKnownFileType = sourcecode.swift; path = AppHeader.swift; sourceTree = "<group>"; };
		D29B8D002BC46B6B0000CA42 /* CustomTabView.swift */ = {isa = PBXFileReference; lastKnownFileType = sourcecode.swift; path = CustomTabView.swift; sourceTree = "<group>"; };
		D29B8D062BC4BB0D0000CA42 /* SettingsViewController.swift */ = {isa = PBXFileReference; lastKnownFileType = sourcecode.swift; path = SettingsViewController.swift; sourceTree = "<group>"; };
		D29B8D082BC4C2A70000CA42 /* EventDataViewController.swift */ = {isa = PBXFileReference; lastKnownFileType = sourcecode.swift; path = EventDataViewController.swift; sourceTree = "<group>"; };
		D29F234A2C123CF600DFE1FB /* TeamTapDelegate.swift */ = {isa = PBXFileReference; lastKnownFileType = sourcecode.swift; path = TeamTapDelegate.swift; sourceTree = "<group>"; };
		D29F234D2C12421500DFE1FB /* TeamViewController.swift */ = {isa = PBXFileReference; lastKnownFileType = sourcecode.swift; path = TeamViewController.swift; sourceTree = "<group>"; };
		D29F234F2C12450300DFE1FB /* TeamTournamentHeaderView.swift */ = {isa = PBXFileReference; lastKnownFileType = sourcecode.swift; path = TeamTournamentHeaderView.swift; sourceTree = "<group>"; };
		D29F23522C1459F700DFE1FB /* CustomTeamTabView.swift */ = {isa = PBXFileReference; lastKnownFileType = sourcecode.swift; path = CustomTeamTabView.swift; sourceTree = "<group>"; };
		D29F23542C145A0A00DFE1FB /* TeamLeagueTabItemView.swift */ = {isa = PBXFileReference; lastKnownFileType = sourcecode.swift; path = TeamLeagueTabItemView.swift; sourceTree = "<group>"; };
		D29F23562C14637000DFE1FB /* TeamTournamentTabSelectDelegate.swift */ = {isa = PBXFileReference; lastKnownFileType = sourcecode.swift; path = TeamTournamentTabSelectDelegate.swift; sourceTree = "<group>"; };
		D29F23582C1465A000DFE1FB /* TeamDetailsViewController.swift */ = {isa = PBXFileReference; lastKnownFileType = sourcecode.swift; path = TeamDetailsViewController.swift; sourceTree = "<group>"; };
		D2A383032BA88565001C102F /* Styling.swift */ = {isa = PBXFileReference; lastKnownFileType = sourcecode.swift; path = Styling.swift; sourceTree = "<group>"; };
		D2A383052BA8FA7C001C102F /* Helpers.swift */ = {isa = PBXFileReference; lastKnownFileType = sourcecode.swift; path = Helpers.swift; sourceTree = "<group>"; };
		D2A383072BA8FABD001C102F /* Data.swift */ = {isa = PBXFileReference; lastKnownFileType = sourcecode.swift; path = Data.swift; sourceTree = "<group>"; };
		D2AA4D122C15CA9200A63C76 /* LeagueTapDelegate.swift */ = {isa = PBXFileReference; lastKnownFileType = sourcecode.swift; path = LeagueTapDelegate.swift; sourceTree = "<group>"; };
		D2AA4D172C15E1CE00A63C76 /* PlayerViewController.swift */ = {isa = PBXFileReference; lastKnownFileType = sourcecode.swift; path = PlayerViewController.swift; sourceTree = "<group>"; };
		D2AA4D192C15E4AF00A63C76 /* PlayerHeaderView.swift */ = {isa = PBXFileReference; lastKnownFileType = sourcecode.swift; path = PlayerHeaderView.swift; sourceTree = "<group>"; };
		D2AA4D1B2C15E93C00A63C76 /* PlayerTeamView.swift */ = {isa = PBXFileReference; lastKnownFileType = sourcecode.swift; path = PlayerTeamView.swift; sourceTree = "<group>"; };
		D2AA4D1D2C15EBEB00A63C76 /* PlayerDetailsView.swift */ = {isa = PBXFileReference; lastKnownFileType = sourcecode.swift; path = PlayerDetailsView.swift; sourceTree = "<group>"; };
		D2AA4D1F2C15EEED00A63C76 /* PlayerDetailCardView.swift */ = {isa = PBXFileReference; lastKnownFileType = sourcecode.swift; path = PlayerDetailCardView.swift; sourceTree = "<group>"; };
		D2B91A632BA1B7E30004B74A /* TimeStatusView.swift */ = {isa = PBXFileReference; lastKnownFileType = sourcecode.swift; path = TimeStatusView.swift; sourceTree = "<group>"; };
		D2B91A652BA1C22D0004B74A /* RobotoCondensed-Regular.ttf */ = {isa = PBXFileReference; lastKnownFileType = file; path = "RobotoCondensed-Regular.ttf"; sourceTree = "<group>"; };
		D2DAEEA02BF91048008FD27B /* LoginViewController.swift */ = {isa = PBXFileReference; lastKnownFileType = sourcecode.swift; path = LoginViewController.swift; sourceTree = "<group>"; };
		D2DBE0162BF9655400C685DC /* EventHeader.swift */ = {isa = PBXFileReference; lastKnownFileType = sourcecode.swift; path = EventHeader.swift; sourceTree = "<group>"; };
		D2DBE0182BF9674A00C685DC /* ReturnButtonDelegate.swift */ = {isa = PBXFileReference; lastKnownFileType = sourcecode.swift; path = ReturnButtonDelegate.swift; sourceTree = "<group>"; };
		D2FD91BC2BCD733C00591F6A /* AppHeaderDelegate.swift */ = {isa = PBXFileReference; lastKnownFileType = sourcecode.swift; path = AppHeaderDelegate.swift; sourceTree = "<group>"; };
		D2FD91C02BCD7FDB00591F6A /* MatchTapDelegate.swift */ = {isa = PBXFileReference; lastKnownFileType = sourcecode.swift; path = MatchTapDelegate.swift; sourceTree = "<group>"; };
		D2FECCB52BE96F3500D2A3A4 /* DayInfoProtocol.swift */ = {isa = PBXFileReference; lastKnownFileType = sourcecode.swift; path = DayInfoProtocol.swift; sourceTree = "<group>"; };
/* End PBXFileReference section */

/* Begin PBXFrameworksBuildPhase section */
		D236A6312B9B598600C2ADB4 /* Frameworks */ = {
			isa = PBXFrameworksBuildPhase;
			buildActionMask = 2147483647;
			files = (
				D23289A72BA0F65900139113 /* SnapKit in Frameworks */,
				D2B91A692BA2200A0004B74A /* SofaAcademic in Frameworks */,
				D23289A92BA0F65900139113 /* SnapKit-Dynamic in Frameworks */,
			);
			runOnlyForDeploymentPostprocessing = 0;
		};
/* End PBXFrameworksBuildPhase section */

/* Begin PBXGroup section */
		D21B98062BE4DFCD0094308A /* Models */ = {
			isa = PBXGroup;
			children = (
				D250366C2BE546DC005B3C1A /* EventsModel.swift */,
				D250366E2BE55313005B3C1A /* TournamentModel.swift */,
				D25036702BE55354005B3C1A /* SportModel.swift */,
				D25036722BE55378005B3C1A /* CountryModel.swift */,
				D25036742BE553A2005B3C1A /* TeamModel.swift */,
				D25036762BE553E1005B3C1A /* ScoreModel.swift */,
				D239C0B82BFA42E100128E01 /* EventIncidentModel.swift */,
				D239C0BA2BFA43AD00128E01 /* FootballGoalModel.swift */,
				D239C0BC2BFA440F00128E01 /* PlayerModel.swift */,
				D239C0BE2BFA449D00128E01 /* FootballCardModel.swift */,
				D239C0C02BFA44ED00128E01 /* FootballPeriodModel.swift */,
			);
			path = Models;
			sourceTree = "<group>";
		};
		D232FF722C10CC770049846F /* IncidentView */ = {
			isa = PBXGroup;
			children = (
				D232FF732C10CC860049846F /* IncidentViewCell.swift */,
				D232FF752C10CC900049846F /* IncidentCardView.swift */,
				D232FF7B2C10E8EF0049846F /* IncidentGoalView.swift */,
				D2366BE92C10FE7700799030 /* PeriodView.swift */,
			);
			path = IncidentView;
			sourceTree = "<group>";
		};
		D236A62B2B9B598600C2ADB4 = {
			isa = PBXGroup;
			children = (
				D23289B42BA107EE00139113 /* Roboto-Regular.ttf */,
				D2B91A652BA1C22D0004B74A /* RobotoCondensed-Regular.ttf */,
				D23289AE2BA0F7B000139113 /* Roboto-Bold.ttf */,
				D236A6362B9B598600C2ADB4 /* SofascoreAcademy */,
				D236A6352B9B598600C2ADB4 /* Products */,
			);
			sourceTree = "<group>";
		};
		D236A6352B9B598600C2ADB4 /* Products */ = {
			isa = PBXGroup;
			children = (
				D236A6342B9B598600C2ADB4 /* SofascoreAcademy.app */,
			);
			name = Products;
			sourceTree = "<group>";
		};
		D236A6362B9B598600C2ADB4 /* SofascoreAcademy */ = {
			isa = PBXGroup;
			children = (
				D21B98062BE4DFCD0094308A /* Models */,
				D2896E492BE4DAEA0040CEBA /* Network */,
				D2896E422BE4389C0040CEBA /* Public */,
				D2807A8A2BC84B1900F590CA /* Extensions */,
				D2807A872BC8494B00F590CA /* Protocols */,
				D29B8CF92BC45A440000CA42 /* Views */,
				D236A6372B9B598600C2ADB4 /* AppDelegate.swift */,
				D236A6402B9B598900C2ADB4 /* Assets.xcassets */,
				D236A6422B9B598900C2ADB4 /* LaunchScreen.storyboard */,
				D236A6452B9B598900C2ADB4 /* Info.plist */,
			);
			path = SofascoreAcademy;
			sourceTree = "<group>";
		};
		D23758DF2C0F64E40080B703 /* LoginView */ = {
			isa = PBXGroup;
			children = (
				D2DAEEA02BF91048008FD27B /* LoginViewController.swift */,
				D23758E02C0F650C0080B703 /* PasswordTextField.swift */,
				D23758E22C0F651C0080B703 /* EmailTextField.swift */,
				D23758E42C0F774B0080B703 /* LoginButton.swift */,
			);
			path = LoginView;
			sourceTree = "<group>";
		};
		D26654472C00C52900591AE9 /* SettingsView */ = {
			isa = PBXGroup;
			children = (
				D29B8D062BC4BB0D0000CA42 /* SettingsViewController.swift */,
				D239C0C42BFA583700128E01 /* SettingsHeaderView.swift */,
				D23180232BFA5EA400DFE549 /* SettingsAboutView.swift */,
				D23180252BFA67BD00DFE549 /* CreditsLabelView.swift */,
			);
			path = SettingsView;
			sourceTree = "<group>";
		};
		D26654482C00C55E00591AE9 /* SelectedEventView */ = {
			isa = PBXGroup;
			children = (
				D232FF722C10CC770049846F /* IncidentView */,
				D29B8D082BC4C2A70000CA42 /* EventDataViewController.swift */,
				D2DBE0162BF9655400C685DC /* EventHeader.swift */,
				D239C0B22BF96D1400128E01 /* EventMatchupView.swift */,
				D239C0B42BF96FC500128E01 /* EventTeamView.swift */,
				D239C0B62BF9773000128E01 /* EventScoreView.swift */,
				D239C0C22BFA4DD900128E01 /* NotStartedEventView.swift */,
			);
			path = SelectedEventView;
			sourceTree = "<group>";
		};
		D26654492C00C58000591AE9 /* MainView */ = {
			isa = PBXGroup;
			children = (
				D266544A2C00C5BA00591AE9 /* CustomTabView */,
				D2896E472BE4DAB20040CEBA /* LoadingViewController.swift */,
				D29B8CFA2BC45A6A0000CA42 /* MainViewController.swift */,
				D29B8CFC2BC4606A0000CA42 /* AppHeader.swift */,
				D26654452BFBBE4000591AE9 /* MainScrollView.swift */,
			);
			name = MainView;
			sourceTree = "<group>";
		};
		D266544A2C00C5BA00591AE9 /* CustomTabView */ = {
			isa = PBXGroup;
			children = (
				D29B8D002BC46B6B0000CA42 /* CustomTabView.swift */,
				D2807A8D2BC84CF700F590CA /* TabItemView.swift */,
			);
			path = CustomTabView;
			sourceTree = "<group>";
		};
		D266544B2C00C5DC00591AE9 /* EventsView */ = {
			isa = PBXGroup;
			children = (
				D236A63B2B9B598700C2ADB4 /* SportViewController.swift */,
				D26EF6FC2BB3577C00A49861 /* LeagueInfoViewHeader.swift */,
				D23289AC2BA0F68D00139113 /* LeagueInfoView.swift */,
				D266544D2C00C65800591AE9 /* MatchView */,
			);
			path = EventsView;
			sourceTree = "<group>";
		};
		D266544C2C00C62000591AE9 /* DatePickerView */ = {
			isa = PBXGroup;
			children = (
				D21B982B2BE50DC90094308A /* DatePickerCollectionView.swift */,
				D21B982F2BE5182E0094308A /* DateViewCell.swift */,
				D21B982D2BE516B90094308A /* DatesMatchesDividerView.swift */,
			);
			path = DatePickerView;
			sourceTree = "<group>";
		};
		D266544D2C00C65800591AE9 /* MatchView */ = {
			isa = PBXGroup;
			children = (
				D23289B02BA0F99600139113 /* MatchView.swift */,
				D26EF6FA2BB25DFB00A49861 /* MatchViewCell.swift */,
				D2B91A632BA1B7E30004B74A /* TimeStatusView.swift */,
				D23289B22BA103F700139113 /* TeamNameLogoView.swift */,
				D23289B62BA10CDF00139113 /* ScoreLabel.swift */,
			);
			path = MatchView;
			sourceTree = "<group>";
		};
		D26700A62C14D3530077CE5D /* LeaguesView */ = {
			isa = PBXGroup;
			children = (
				D26700B12C15A9B00077CE5D /* SelectedLeagueView */,
				D26700A72C14D3640077CE5D /* LeaguesViewController.swift */,
				D26700A92C14D3780077CE5D /* LeaguesHeaderView.swift */,
				D26700AB2C14D7830077CE5D /* SportLeaguesViewController.swift */,
				D26700AD2C14DEF70077CE5D /* TournamentCell.swift */,
			);
			path = LeaguesView;
			sourceTree = "<group>";
		};
		D26700B12C15A9B00077CE5D /* SelectedLeagueView */ = {
			isa = PBXGroup;
			children = (
				D26700AF2C15A5790077CE5D /* SelectedLeagueViewController.swift */,
				D26700B22C15AA0F0077CE5D /* CustomLeagueTabView.swift */,
				D26700B62C15B4F70077CE5D /* LeagueMatchesViewController.swift */,
				D26700B82C15B7300077CE5D /* RoundMatchesHeaderView.swift */,
			);
			path = SelectedLeagueView;
			sourceTree = "<group>";
		};
		D2807A872BC8494B00F590CA /* Protocols */ = {
			isa = PBXGroup;
			children = (
				D2807A882BC8495E00F590CA /* ParentSportSlugPickerProtocol.swift */,
				D2FD91BC2BCD733C00591F6A /* AppHeaderDelegate.swift */,
				D2FD91C02BCD7FDB00591F6A /* MatchTapDelegate.swift */,
				D21B98312BE53F0A0094308A /* DatePickDelegate.swift */,
				D250367A2BE9552C005B3C1A /* LeagueLogoLoadProtocol.swift */,
				D2FECCB52BE96F3500D2A3A4 /* DayInfoProtocol.swift */,
				D2DBE0182BF9674A00C685DC /* ReturnButtonDelegate.swift */,
				D232FF792C10D71A0049846F /* IncidentViewProtocol.swift */,
				D29F234A2C123CF600DFE1FB /* TeamTapDelegate.swift */,
				D29F23562C14637000DFE1FB /* TeamTournamentTabSelectDelegate.swift */,
				D26700B42C15AB5B0077CE5D /* TournamentTapDelegate.swift */,
				D2AA4D122C15CA9200A63C76 /* LeagueTapDelegate.swift */,
			);
			path = Protocols;
			sourceTree = "<group>";
		};
		D2807A8A2BC84B1900F590CA /* Extensions */ = {
			isa = PBXGroup;
			children = (
				D2807A8B2BC84B2900F590CA /* UIViewControllerExtensions.swift */,
				D266544E2C00C87800591AE9 /* UIViewExtensions.swift */,
				D26654502C00C8F300591AE9 /* UICollectionViewExtensions.swift */,
			);
			path = Extensions;
			sourceTree = "<group>";
		};
		D2896E422BE4389C0040CEBA /* Public */ = {
			isa = PBXGroup;
			children = (
				D2A383052BA8FA7C001C102F /* Helpers.swift */,
				D2A383032BA88565001C102F /* Styling.swift */,
				D2A383072BA8FABD001C102F /* Data.swift */,
				D2896E432BE438BE0040CEBA /* UserDefaultsService.swift */,
				D2896E452BE44B9B0040CEBA /* Animations.swift */,
				D250367E2BE964F9005B3C1A /* Cache.swift */,
				D23180272BFA70CB00DFE549 /* KeyChain.swift */,
			);
			path = Public;
			sourceTree = "<group>";
		};
		D2896E492BE4DAEA0040CEBA /* Network */ = {
			isa = PBXGroup;
			children = (
				D2896E4A2BE4DAFE0040CEBA /* ApiClient.swift */,
				D26654432BFBBE0C00591AE9 /* ImageService.swift */,
			);
			path = Network;
			sourceTree = "<group>";
		};
		D28E692C2C1476DC00BD3AD3 /* TeamDetailsView */ = {
			isa = PBXGroup;
			children = (
				D29F23582C1465A000DFE1FB /* TeamDetailsViewController.swift */,
				D28E692D2C1476EC00BD3AD3 /* TeamHeadlineView.swift */,
				D28E692F2C14786F00BD3AD3 /* TeamCoachDetailsView.swift */,
				D28E69312C14824400BD3AD3 /* TeamPlayersDetailsView.swift */,
				D28E69352C1486FF00BD3AD3 /* TeamDetailsPlayersCard.swift */,
				D28E69372C1499ED00BD3AD3 /* TournamentCardViewCell.swift */,
				D28E69392C14AD2000BD3AD3 /* VenueDetailsView.swift */,
			);
			path = TeamDetailsView;
			sourceTree = "<group>";
		};
		D28E693B2C14BCFE00BD3AD3 /* TeamMatchesView */ = {
			isa = PBXGroup;
			children = (
				D28E693C2C14BD0F00BD3AD3 /* TeamMatchesViewController.swift */,
			);
			path = TeamMatchesView;
			sourceTree = "<group>";
		};
		D29B8CF92BC45A440000CA42 /* Views */ = {
			isa = PBXGroup;
			children = (
				D2AA4D142C15E1AB00A63C76 /* PlayerView */,
				D26700A62C14D3530077CE5D /* LeaguesView */,
				D29F234C2C12420700DFE1FB /* TeamView */,
				D23758DF2C0F64E40080B703 /* LoginView */,
				D26654492C00C58000591AE9 /* MainView */,
				D266544C2C00C62000591AE9 /* DatePickerView */,
				D266544B2C00C5DC00591AE9 /* EventsView */,
				D26654482C00C55E00591AE9 /* SelectedEventView */,
				D26654472C00C52900591AE9 /* SettingsView */,
			);
			path = Views;
			sourceTree = "<group>";
		};
		D29F234C2C12420700DFE1FB /* TeamView */ = {
			isa = PBXGroup;
			children = (
				D28E693B2C14BCFE00BD3AD3 /* TeamMatchesView */,
				D28E692C2C1476DC00BD3AD3 /* TeamDetailsView */,
				D29F23512C1459D300DFE1FB /* TeamTabView */,
				D29F234D2C12421500DFE1FB /* TeamViewController.swift */,
				D29F234F2C12450300DFE1FB /* TeamTournamentHeaderView.swift */,
				D28E69332C14851A00BD3AD3 /* CustomDivider.swift */,
			);
			path = TeamView;
			sourceTree = "<group>";
		};
		D29F23512C1459D300DFE1FB /* TeamTabView */ = {
			isa = PBXGroup;
			children = (
				D29F23522C1459F700DFE1FB /* CustomTeamTabView.swift */,
				D29F23542C145A0A00DFE1FB /* TeamLeagueTabItemView.swift */,
			);
			path = TeamTabView;
			sourceTree = "<group>";
		};
		D2AA4D142C15E1AB00A63C76 /* PlayerView */ = {
			isa = PBXGroup;
			children = (
				D2AA4D172C15E1CE00A63C76 /* PlayerViewController.swift */,
				D2AA4D192C15E4AF00A63C76 /* PlayerHeaderView.swift */,
				D2AA4D1B2C15E93C00A63C76 /* PlayerTeamView.swift */,
				D2AA4D1D2C15EBEB00A63C76 /* PlayerDetailsView.swift */,
				D2AA4D1F2C15EEED00A63C76 /* PlayerDetailCardView.swift */,
				D223050C2C15F5A100A34038 /* PlayerMatchesDividerView.swift */,
			);
			path = PlayerView;
			sourceTree = "<group>";
		};
/* End PBXGroup section */

/* Begin PBXNativeTarget section */
		D236A6332B9B598600C2ADB4 /* SofascoreAcademy */ = {
			isa = PBXNativeTarget;
			buildConfigurationList = D236A6482B9B598900C2ADB4 /* Build configuration list for PBXNativeTarget "SofascoreAcademy" */;
			buildPhases = (
				D236A6302B9B598600C2ADB4 /* Sources */,
				D236A6312B9B598600C2ADB4 /* Frameworks */,
				D236A6322B9B598600C2ADB4 /* Resources */,
			);
			buildRules = (
			);
			dependencies = (
			);
			name = SofascoreAcademy;
			packageProductDependencies = (
				D23289A62BA0F65900139113 /* SnapKit */,
				D23289A82BA0F65900139113 /* SnapKit-Dynamic */,
				D2B91A682BA2200A0004B74A /* SofaAcademic */,
			);
			productName = SofascoreAcademy;
			productReference = D236A6342B9B598600C2ADB4 /* SofascoreAcademy.app */;
			productType = "com.apple.product-type.application";
		};
/* End PBXNativeTarget section */

/* Begin PBXProject section */
		D236A62C2B9B598600C2ADB4 /* Project object */ = {
			isa = PBXProject;
			attributes = {
				BuildIndependentTargetsInParallel = 1;
				LastSwiftUpdateCheck = 1520;
				LastUpgradeCheck = 1520;
				TargetAttributes = {
					D236A6332B9B598600C2ADB4 = {
						CreatedOnToolsVersion = 15.2;
					};
				};
			};
			buildConfigurationList = D236A62F2B9B598600C2ADB4 /* Build configuration list for PBXProject "SofascoreAcademy" */;
			compatibilityVersion = "Xcode 14.0";
			developmentRegion = en;
			hasScannedForEncodings = 0;
			knownRegions = (
				en,
				Base,
			);
			mainGroup = D236A62B2B9B598600C2ADB4;
			packageReferences = (
				D23289A52BA0F65900139113 /* XCRemoteSwiftPackageReference "SnapKit" */,
				D2B91A672BA2200A0004B74A /* XCRemoteSwiftPackageReference "academy" */,
			);
			productRefGroup = D236A6352B9B598600C2ADB4 /* Products */;
			projectDirPath = "";
			projectRoot = "";
			targets = (
				D236A6332B9B598600C2ADB4 /* SofascoreAcademy */,
			);
		};
/* End PBXProject section */

/* Begin PBXResourcesBuildPhase section */
		D236A6322B9B598600C2ADB4 /* Resources */ = {
			isa = PBXResourcesBuildPhase;
			buildActionMask = 2147483647;
			files = (
				D236A6442B9B598900C2ADB4 /* LaunchScreen.storyboard in Resources */,
				D236A6412B9B598900C2ADB4 /* Assets.xcassets in Resources */,
				D23289B52BA107EE00139113 /* Roboto-Regular.ttf in Resources */,
				D2B91A662BA1C22D0004B74A /* RobotoCondensed-Regular.ttf in Resources */,
				D23289AF2BA0F7B000139113 /* Roboto-Bold.ttf in Resources */,
			);
			runOnlyForDeploymentPostprocessing = 0;
		};
/* End PBXResourcesBuildPhase section */

/* Begin PBXSourcesBuildPhase section */
		D236A6302B9B598600C2ADB4 /* Sources */ = {
			isa = PBXSourcesBuildPhase;
			buildActionMask = 2147483647;
			files = (
				D2AA4D1E2C15EBEB00A63C76 /* PlayerDetailsView.swift in Sources */,
				D239C0C52BFA583700128E01 /* SettingsHeaderView.swift in Sources */,
				D2DAEEA12BF91048008FD27B /* LoginViewController.swift in Sources */,
				D23180262BFA67BD00DFE549 /* CreditsLabelView.swift in Sources */,
				D29F234B2C123CF600DFE1FB /* TeamTapDelegate.swift in Sources */,
				D2A383042BA88565001C102F /* Styling.swift in Sources */,
				D2AA4D182C15E1CE00A63C76 /* PlayerViewController.swift in Sources */,
				D26700AA2C14D3780077CE5D /* LeaguesHeaderView.swift in Sources */,
				D239C0BF2BFA449D00128E01 /* FootballCardModel.swift in Sources */,
				D29F23592C1465A000DFE1FB /* TeamDetailsViewController.swift in Sources */,
				D29F23532C1459F700DFE1FB /* CustomTeamTabView.swift in Sources */,
				D239C0BB2BFA43AD00128E01 /* FootballGoalModel.swift in Sources */,
				D21B98322BE53F0A0094308A /* DatePickDelegate.swift in Sources */,
				D29B8D092BC4C2A70000CA42 /* EventDataViewController.swift in Sources */,
				D28E69342C14851A00BD3AD3 /* CustomDivider.swift in Sources */,
				D223050D2C15F5A100A34038 /* PlayerMatchesDividerView.swift in Sources */,
				D26700AE2C14DEF70077CE5D /* TournamentCell.swift in Sources */,
				D23758E32C0F651C0080B703 /* EmailTextField.swift in Sources */,
				D26700AC2C14D7830077CE5D /* SportLeaguesViewController.swift in Sources */,
				D239C0B72BF9773000128E01 /* EventScoreView.swift in Sources */,
				D239C0C32BFA4DD900128E01 /* NotStartedEventView.swift in Sources */,
				D23180282BFA70CB00DFE549 /* KeyChain.swift in Sources */,
				D29B8D012BC46B6B0000CA42 /* CustomTabView.swift in Sources */,
				D2FECCB62BE96F3500D2A3A4 /* DayInfoProtocol.swift in Sources */,
				D21B98302BE5182E0094308A /* DateViewCell.swift in Sources */,
				D239C0B92BFA42E100128E01 /* EventIncidentModel.swift in Sources */,
				D239C0BD2BFA440F00128E01 /* PlayerModel.swift in Sources */,
				D23180242BFA5EA400DFE549 /* SettingsAboutView.swift in Sources */,
				D2AA4D1A2C15E4AF00A63C76 /* PlayerHeaderView.swift in Sources */,
				D236A63C2B9B598700C2ADB4 /* SportViewController.swift in Sources */,
				D25036732BE55378005B3C1A /* CountryModel.swift in Sources */,
				D2896E442BE438BE0040CEBA /* UserDefaultsService.swift in Sources */,
				D29F23552C145A0A00DFE1FB /* TeamLeagueTabItemView.swift in Sources */,
				D2AA4D132C15CA9200A63C76 /* LeagueTapDelegate.swift in Sources */,
				D23289B72BA10CDF00139113 /* ScoreLabel.swift in Sources */,
				D29B8D072BC4BB0D0000CA42 /* SettingsViewController.swift in Sources */,
				D2AA4D202C15EEED00A63C76 /* PlayerDetailCardView.swift in Sources */,
				D26654462BFBBE4000591AE9 /* MainScrollView.swift in Sources */,
				D28E692E2C1476EC00BD3AD3 /* TeamHeadlineView.swift in Sources */,
				D28E693D2C14BD0F00BD3AD3 /* TeamMatchesViewController.swift in Sources */,
				D29F23502C12450300DFE1FB /* TeamTournamentHeaderView.swift in Sources */,
				D28E69382C1499ED00BD3AD3 /* TournamentCardViewCell.swift in Sources */,
				D28E69322C14824400BD3AD3 /* TeamPlayersDetailsView.swift in Sources */,
				D2896E482BE4DAB20040CEBA /* LoadingViewController.swift in Sources */,
				D25036752BE553A2005B3C1A /* TeamModel.swift in Sources */,
				D26700B72C15B4F70077CE5D /* LeagueMatchesViewController.swift in Sources */,
				D232FF7A2C10D71A0049846F /* IncidentViewProtocol.swift in Sources */,
				D26654512C00C8F300591AE9 /* UICollectionViewExtensions.swift in Sources */,
				D2AA4D1C2C15E93C00A63C76 /* PlayerTeamView.swift in Sources */,
				D2807A8C2BC84B2900F590CA /* UIViewControllerExtensions.swift in Sources */,
				D21B982C2BE50DC90094308A /* DatePickerCollectionView.swift in Sources */,
				D2DBE0192BF9674A00C685DC /* ReturnButtonDelegate.swift in Sources */,
				D2A383062BA8FA7C001C102F /* Helpers.swift in Sources */,
				D29F23572C14637000DFE1FB /* TeamTournamentTabSelectDelegate.swift in Sources */,
				D26EF6FD2BB3577C00A49861 /* LeagueInfoViewHeader.swift in Sources */,
				D250366F2BE55313005B3C1A /* TournamentModel.swift in Sources */,
				D232FF762C10CC900049846F /* IncidentCardView.swift in Sources */,
				D28E69302C14786F00BD3AD3 /* TeamCoachDetailsView.swift in Sources */,
				D28E69362C1486FF00BD3AD3 /* TeamDetailsPlayersCard.swift in Sources */,
				D236A6382B9B598600C2ADB4 /* AppDelegate.swift in Sources */,
				D239C0C12BFA44ED00128E01 /* FootballPeriodModel.swift in Sources */,
				D250367F2BE964F9005B3C1A /* Cache.swift in Sources */,
				D23289B32BA103F700139113 /* TeamNameLogoView.swift in Sources */,
				D29B8CFD2BC4606A0000CA42 /* AppHeader.swift in Sources */,
				D239C0B32BF96D1400128E01 /* EventMatchupView.swift in Sources */,
				D25036712BE55354005B3C1A /* SportModel.swift in Sources */,
				D26700B52C15AB5B0077CE5D /* TournamentTapDelegate.swift in Sources */,
				D232FF7C2C10E8EF0049846F /* IncidentGoalView.swift in Sources */,
				D2DBE0172BF9655400C685DC /* EventHeader.swift in Sources */,
				D28E693A2C14AD2000BD3AD3 /* VenueDetailsView.swift in Sources */,
				D26700A82C14D3640077CE5D /* LeaguesViewController.swift in Sources */,
				D250366D2BE546DC005B3C1A /* EventsModel.swift in Sources */,
				D29B8CFB2BC45A6A0000CA42 /* MainViewController.swift in Sources */,
				D2366BEA2C10FE7700799030 /* PeriodView.swift in Sources */,
				D266544F2C00C87800591AE9 /* UIViewExtensions.swift in Sources */,
				D2896E462BE44B9B0040CEBA /* Animations.swift in Sources */,
				D25036772BE553E1005B3C1A /* ScoreModel.swift in Sources */,
				D26700B32C15AA0F0077CE5D /* CustomLeagueTabView.swift in Sources */,
				D21B982E2BE516B90094308A /* DatesMatchesDividerView.swift in Sources */,
				D26654442BFBBE0C00591AE9 /* ImageService.swift in Sources */,
				D2807A8E2BC84CF700F590CA /* TabItemView.swift in Sources */,
				D2A383082BA8FABD001C102F /* Data.swift in Sources */,
				D26700B92C15B7300077CE5D /* RoundMatchesHeaderView.swift in Sources */,
				D23289AD2BA0F68D00139113 /* LeagueInfoView.swift in Sources */,
				D23758E12C0F650C0080B703 /* PasswordTextField.swift in Sources */,
				D23289B12BA0F99600139113 /* MatchView.swift in Sources */,
				D2FD91C12BCD7FDB00591F6A /* MatchTapDelegate.swift in Sources */,
				D26700B02C15A5790077CE5D /* SelectedLeagueViewController.swift in Sources */,
				D2896E4B2BE4DAFE0040CEBA /* ApiClient.swift in Sources */,
				D239C0B52BF96FC500128E01 /* EventTeamView.swift in Sources */,
				D26EF6FB2BB25DFB00A49861 /* MatchViewCell.swift in Sources */,
				D232FF742C10CC860049846F /* IncidentViewCell.swift in Sources */,
				D2B91A642BA1B7E30004B74A /* TimeStatusView.swift in Sources */,
				D250367B2BE9552C005B3C1A /* LeagueLogoLoadProtocol.swift in Sources */,
				D2FD91BD2BCD733C00591F6A /* AppHeaderDelegate.swift in Sources */,
				D2807A892BC8495E00F590CA /* ParentSportSlugPickerProtocol.swift in Sources */,
				D23758E52C0F774B0080B703 /* LoginButton.swift in Sources */,
				D29F234E2C12421500DFE1FB /* TeamViewController.swift in Sources */,
			);
			runOnlyForDeploymentPostprocessing = 0;
		};
/* End PBXSourcesBuildPhase section */

/* Begin PBXVariantGroup section */
		D236A6422B9B598900C2ADB4 /* LaunchScreen.storyboard */ = {
			isa = PBXVariantGroup;
			children = (
				D236A6432B9B598900C2ADB4 /* Base */,
			);
			name = LaunchScreen.storyboard;
			sourceTree = "<group>";
		};
/* End PBXVariantGroup section */

/* Begin XCBuildConfiguration section */
		D236A6462B9B598900C2ADB4 /* Debug */ = {
			isa = XCBuildConfiguration;
			buildSettings = {
				ALWAYS_SEARCH_USER_PATHS = NO;
				ASSETCATALOG_COMPILER_GENERATE_SWIFT_ASSET_SYMBOL_EXTENSIONS = YES;
				CLANG_ANALYZER_NONNULL = YES;
				CLANG_ANALYZER_NUMBER_OBJECT_CONVERSION = YES_AGGRESSIVE;
				CLANG_CXX_LANGUAGE_STANDARD = "gnu++20";
				CLANG_ENABLE_MODULES = YES;
				CLANG_ENABLE_OBJC_ARC = YES;
				CLANG_ENABLE_OBJC_WEAK = YES;
				CLANG_WARN_BLOCK_CAPTURE_AUTORELEASING = YES;
				CLANG_WARN_BOOL_CONVERSION = YES;
				CLANG_WARN_COMMA = YES;
				CLANG_WARN_CONSTANT_CONVERSION = YES;
				CLANG_WARN_DEPRECATED_OBJC_IMPLEMENTATIONS = YES;
				CLANG_WARN_DIRECT_OBJC_ISA_USAGE = YES_ERROR;
				CLANG_WARN_DOCUMENTATION_COMMENTS = YES;
				CLANG_WARN_EMPTY_BODY = YES;
				CLANG_WARN_ENUM_CONVERSION = YES;
				CLANG_WARN_INFINITE_RECURSION = YES;
				CLANG_WARN_INT_CONVERSION = YES;
				CLANG_WARN_NON_LITERAL_NULL_CONVERSION = YES;
				CLANG_WARN_OBJC_IMPLICIT_RETAIN_SELF = YES;
				CLANG_WARN_OBJC_LITERAL_CONVERSION = YES;
				CLANG_WARN_OBJC_ROOT_CLASS = YES_ERROR;
				CLANG_WARN_QUOTED_INCLUDE_IN_FRAMEWORK_HEADER = YES;
				CLANG_WARN_RANGE_LOOP_ANALYSIS = YES;
				CLANG_WARN_STRICT_PROTOTYPES = YES;
				CLANG_WARN_SUSPICIOUS_MOVE = YES;
				CLANG_WARN_UNGUARDED_AVAILABILITY = YES_AGGRESSIVE;
				CLANG_WARN_UNREACHABLE_CODE = YES;
				CLANG_WARN__DUPLICATE_METHOD_MATCH = YES;
				COPY_PHASE_STRIP = NO;
				DEBUG_INFORMATION_FORMAT = dwarf;
				ENABLE_STRICT_OBJC_MSGSEND = YES;
				ENABLE_TESTABILITY = YES;
				ENABLE_USER_SCRIPT_SANDBOXING = YES;
				GCC_C_LANGUAGE_STANDARD = gnu17;
				GCC_DYNAMIC_NO_PIC = NO;
				GCC_NO_COMMON_BLOCKS = YES;
				GCC_OPTIMIZATION_LEVEL = 0;
				GCC_PREPROCESSOR_DEFINITIONS = (
					"DEBUG=1",
					"$(inherited)",
				);
				GCC_WARN_64_TO_32_BIT_CONVERSION = YES;
				GCC_WARN_ABOUT_RETURN_TYPE = YES_ERROR;
				GCC_WARN_UNDECLARED_SELECTOR = YES;
				GCC_WARN_UNINITIALIZED_AUTOS = YES_AGGRESSIVE;
				GCC_WARN_UNUSED_FUNCTION = YES;
				GCC_WARN_UNUSED_VARIABLE = YES;
				IPHONEOS_DEPLOYMENT_TARGET = 17.2;
				LOCALIZATION_PREFERS_STRING_CATALOGS = YES;
				MTL_ENABLE_DEBUG_INFO = INCLUDE_SOURCE;
				MTL_FAST_MATH = YES;
				ONLY_ACTIVE_ARCH = YES;
				SDKROOT = iphoneos;
				SWIFT_ACTIVE_COMPILATION_CONDITIONS = "DEBUG $(inherited)";
				SWIFT_OPTIMIZATION_LEVEL = "-Onone";
			};
			name = Debug;
		};
		D236A6472B9B598900C2ADB4 /* Release */ = {
			isa = XCBuildConfiguration;
			buildSettings = {
				ALWAYS_SEARCH_USER_PATHS = NO;
				ASSETCATALOG_COMPILER_GENERATE_SWIFT_ASSET_SYMBOL_EXTENSIONS = YES;
				CLANG_ANALYZER_NONNULL = YES;
				CLANG_ANALYZER_NUMBER_OBJECT_CONVERSION = YES_AGGRESSIVE;
				CLANG_CXX_LANGUAGE_STANDARD = "gnu++20";
				CLANG_ENABLE_MODULES = YES;
				CLANG_ENABLE_OBJC_ARC = YES;
				CLANG_ENABLE_OBJC_WEAK = YES;
				CLANG_WARN_BLOCK_CAPTURE_AUTORELEASING = YES;
				CLANG_WARN_BOOL_CONVERSION = YES;
				CLANG_WARN_COMMA = YES;
				CLANG_WARN_CONSTANT_CONVERSION = YES;
				CLANG_WARN_DEPRECATED_OBJC_IMPLEMENTATIONS = YES;
				CLANG_WARN_DIRECT_OBJC_ISA_USAGE = YES_ERROR;
				CLANG_WARN_DOCUMENTATION_COMMENTS = YES;
				CLANG_WARN_EMPTY_BODY = YES;
				CLANG_WARN_ENUM_CONVERSION = YES;
				CLANG_WARN_INFINITE_RECURSION = YES;
				CLANG_WARN_INT_CONVERSION = YES;
				CLANG_WARN_NON_LITERAL_NULL_CONVERSION = YES;
				CLANG_WARN_OBJC_IMPLICIT_RETAIN_SELF = YES;
				CLANG_WARN_OBJC_LITERAL_CONVERSION = YES;
				CLANG_WARN_OBJC_ROOT_CLASS = YES_ERROR;
				CLANG_WARN_QUOTED_INCLUDE_IN_FRAMEWORK_HEADER = YES;
				CLANG_WARN_RANGE_LOOP_ANALYSIS = YES;
				CLANG_WARN_STRICT_PROTOTYPES = YES;
				CLANG_WARN_SUSPICIOUS_MOVE = YES;
				CLANG_WARN_UNGUARDED_AVAILABILITY = YES_AGGRESSIVE;
				CLANG_WARN_UNREACHABLE_CODE = YES;
				CLANG_WARN__DUPLICATE_METHOD_MATCH = YES;
				COPY_PHASE_STRIP = NO;
				DEBUG_INFORMATION_FORMAT = "dwarf-with-dsym";
				ENABLE_NS_ASSERTIONS = NO;
				ENABLE_STRICT_OBJC_MSGSEND = YES;
				ENABLE_USER_SCRIPT_SANDBOXING = YES;
				GCC_C_LANGUAGE_STANDARD = gnu17;
				GCC_NO_COMMON_BLOCKS = YES;
				GCC_WARN_64_TO_32_BIT_CONVERSION = YES;
				GCC_WARN_ABOUT_RETURN_TYPE = YES_ERROR;
				GCC_WARN_UNDECLARED_SELECTOR = YES;
				GCC_WARN_UNINITIALIZED_AUTOS = YES_AGGRESSIVE;
				GCC_WARN_UNUSED_FUNCTION = YES;
				GCC_WARN_UNUSED_VARIABLE = YES;
				IPHONEOS_DEPLOYMENT_TARGET = 17.2;
				LOCALIZATION_PREFERS_STRING_CATALOGS = YES;
				MTL_ENABLE_DEBUG_INFO = NO;
				MTL_FAST_MATH = YES;
				SDKROOT = iphoneos;
				SWIFT_COMPILATION_MODE = wholemodule;
				VALIDATE_PRODUCT = YES;
			};
			name = Release;
		};
		D236A6492B9B598900C2ADB4 /* Debug */ = {
			isa = XCBuildConfiguration;
			buildSettings = {
				ASSETCATALOG_COMPILER_APPICON_NAME = AppIcon;
				ASSETCATALOG_COMPILER_GLOBAL_ACCENT_COLOR_NAME = AccentColor;
				CODE_SIGN_STYLE = Automatic;
				CURRENT_PROJECT_VERSION = 1;
				DEVELOPMENT_TEAM = QDJR8T24H2;
				GENERATE_INFOPLIST_FILE = YES;
				INFOPLIST_FILE = SofascoreAcademy/Info.plist;
				INFOPLIST_KEY_CFBundleDisplayName = SofascoreAcademy;
				INFOPLIST_KEY_UIApplicationSupportsIndirectInputEvents = YES;
				INFOPLIST_KEY_UILaunchStoryboardName = LaunchScreen;
				INFOPLIST_KEY_UISupportedInterfaceOrientations_iPad = "UIInterfaceOrientationPortrait UIInterfaceOrientationPortraitUpsideDown UIInterfaceOrientationLandscapeLeft UIInterfaceOrientationLandscapeRight";
				INFOPLIST_KEY_UISupportedInterfaceOrientations_iPhone = "UIInterfaceOrientationPortrait UIInterfaceOrientationLandscapeLeft UIInterfaceOrientationLandscapeRight";
				LD_RUNPATH_SEARCH_PATHS = (
					"$(inherited)",
					"@executable_path/Frameworks",
				);
				MARKETING_VERSION = 1.0;
				PRODUCT_BUNDLE_IDENTIFIER = Sofascore.SofascoreAcademy.js53110;
				PRODUCT_NAME = "$(TARGET_NAME)";
				SWIFT_EMIT_LOC_STRINGS = YES;
				SWIFT_VERSION = 5.0;
				TARGETED_DEVICE_FAMILY = "1,2";
			};
			name = Debug;
		};
		D236A64A2B9B598900C2ADB4 /* Release */ = {
			isa = XCBuildConfiguration;
			buildSettings = {
				ASSETCATALOG_COMPILER_APPICON_NAME = AppIcon;
				ASSETCATALOG_COMPILER_GLOBAL_ACCENT_COLOR_NAME = AccentColor;
				CODE_SIGN_STYLE = Automatic;
				CURRENT_PROJECT_VERSION = 1;
				DEVELOPMENT_TEAM = QDJR8T24H2;
				GENERATE_INFOPLIST_FILE = YES;
				INFOPLIST_FILE = SofascoreAcademy/Info.plist;
				INFOPLIST_KEY_CFBundleDisplayName = SofascoreAcademy;
				INFOPLIST_KEY_UIApplicationSupportsIndirectInputEvents = YES;
				INFOPLIST_KEY_UILaunchStoryboardName = LaunchScreen;
				INFOPLIST_KEY_UISupportedInterfaceOrientations_iPad = "UIInterfaceOrientationPortrait UIInterfaceOrientationPortraitUpsideDown UIInterfaceOrientationLandscapeLeft UIInterfaceOrientationLandscapeRight";
				INFOPLIST_KEY_UISupportedInterfaceOrientations_iPhone = "UIInterfaceOrientationPortrait UIInterfaceOrientationLandscapeLeft UIInterfaceOrientationLandscapeRight";
				LD_RUNPATH_SEARCH_PATHS = (
					"$(inherited)",
					"@executable_path/Frameworks",
				);
				MARKETING_VERSION = 1.0;
				PRODUCT_BUNDLE_IDENTIFIER = Sofascore.SofascoreAcademy.js53110;
				PRODUCT_NAME = "$(TARGET_NAME)";
				SWIFT_EMIT_LOC_STRINGS = YES;
				SWIFT_VERSION = 5.0;
				TARGETED_DEVICE_FAMILY = "1,2";
			};
			name = Release;
		};
/* End XCBuildConfiguration section */

/* Begin XCConfigurationList section */
		D236A62F2B9B598600C2ADB4 /* Build configuration list for PBXProject "SofascoreAcademy" */ = {
			isa = XCConfigurationList;
			buildConfigurations = (
				D236A6462B9B598900C2ADB4 /* Debug */,
				D236A6472B9B598900C2ADB4 /* Release */,
			);
			defaultConfigurationIsVisible = 0;
			defaultConfigurationName = Release;
		};
		D236A6482B9B598900C2ADB4 /* Build configuration list for PBXNativeTarget "SofascoreAcademy" */ = {
			isa = XCConfigurationList;
			buildConfigurations = (
				D236A6492B9B598900C2ADB4 /* Debug */,
				D236A64A2B9B598900C2ADB4 /* Release */,
			);
			defaultConfigurationIsVisible = 0;
			defaultConfigurationName = Release;
		};
/* End XCConfigurationList section */

/* Begin XCRemoteSwiftPackageReference section */
		D23289A52BA0F65900139113 /* XCRemoteSwiftPackageReference "SnapKit" */ = {
			isa = XCRemoteSwiftPackageReference;
			repositoryURL = "https://github.com/SnapKit/SnapKit";
			requirement = {
				kind = upToNextMajorVersion;
				minimumVersion = 5.7.1;
			};
		};
		D2B91A672BA2200A0004B74A /* XCRemoteSwiftPackageReference "academy" */ = {
			isa = XCRemoteSwiftPackageReference;
			repositoryURL = "https://github.com/sofascore/academy";
			requirement = {
				branch = master;
				kind = branch;
			};
		};
/* End XCRemoteSwiftPackageReference section */

/* Begin XCSwiftPackageProductDependency section */
		D23289A62BA0F65900139113 /* SnapKit */ = {
			isa = XCSwiftPackageProductDependency;
			package = D23289A52BA0F65900139113 /* XCRemoteSwiftPackageReference "SnapKit" */;
			productName = SnapKit;
		};
		D23289A82BA0F65900139113 /* SnapKit-Dynamic */ = {
			isa = XCSwiftPackageProductDependency;
			package = D23289A52BA0F65900139113 /* XCRemoteSwiftPackageReference "SnapKit" */;
			productName = "SnapKit-Dynamic";
		};
		D2B91A682BA2200A0004B74A /* SofaAcademic */ = {
			isa = XCSwiftPackageProductDependency;
			package = D2B91A672BA2200A0004B74A /* XCRemoteSwiftPackageReference "academy" */;
			productName = SofaAcademic;
		};
/* End XCSwiftPackageProductDependency section */
	};
	rootObject = D236A62C2B9B598600C2ADB4 /* Project object */;
}
